
Microsoft Visual Studio Solution File, Format Version 12.00
# Visual Studio Version 17
VisualStudioVersion = 17.11.35312.102
MinimumVisualStudioVersion = 10.0.40219.1
Project("{FAE04EC0-301F-11D3-BF4B-00C04F79EFBC}") = "Desafio de formularios", "Desafio de formularios\Desafio de formularios.csproj", "{1C2B0999-E846-47E0-A311-961F44A8028C}"
EndProject
Global
	GlobalSection(SolutionConfigurationPlatforms) = preSolution
		Debug|Any CPU = Debug|Any CPU
		Release|Any CPU = Release|Any CPU
	EndGlobalSection
	GlobalSection(ProjectConfigurationPlatforms) = postSolution
		{1C2B0999-E846-47E0-A311-961F44A8028C}.Debug|Any CPU.ActiveCfg = Debug|Any CPU
		{1C2B0999-E846-47E0-A311-961F44A8028C}.Debug|Any CPU.Build.0 = Debug|Any CPU
		{1C2B0999-E846-47E0-A311-961F44A8028C}.Release|Any CPU.ActiveCfg = Release|Any CPU
		{1C2B0999-E846-47E0-A311-961F44A8028C}.Release|Any CPU.Build.0 = Release|Any CPU
	EndGlobalSection
	GlobalSection(SolutionProperties) = preSolution
		HideSolutionNode = FALSE
	EndGlobalSection
	GlobalSection(ExtensibilityGlobals) = postSolution
		SolutionGuid = {6F377E85-0E77-4162-A457-B0860DD56608}
	EndGlobalSection
EndGlobal
